// !$*UTF8*$!
{
	archiveVersion = 1;
	classes = {
	};
	objectVersion = 56;
	objects = {

/* Begin PBXBuildFile section */
		4A833B6F2AD2B4A60047A660 /* TileBasedDefferedRenderingApp.swift in Sources */ = {isa = PBXBuildFile; fileRef = 4A833B6E2AD2B4A60047A660 /* TileBasedDefferedRenderingApp.swift */; };
		4A833B732AD2B4A70047A660 /* Assets.xcassets in Resources */ = {isa = PBXBuildFile; fileRef = 4A833B722AD2B4A70047A660 /* Assets.xcassets */; };
		4A833B772AD2B4A70047A660 /* Preview Assets.xcassets in Resources */ = {isa = PBXBuildFile; fileRef = 4A833B762AD2B4A70047A660 /* Preview Assets.xcassets */; };
		4A833BD52AD2B4B60047A660 /* TiledDeferredRenderPass.swift in Sources */ = {isa = PBXBuildFile; fileRef = 4A833B7E2AD2B4B50047A660 /* TiledDeferredRenderPass.swift */; };
		4A833BD62AD2B4B60047A660 /* ShadowRenderPass.swift in Sources */ = {isa = PBXBuildFile; fileRef = 4A833B7F2AD2B4B50047A660 /* ShadowRenderPass.swift */; };
		4A833BD72AD2B4B60047A660 /* Pipelines.swift in Sources */ = {isa = PBXBuildFile; fileRef = 4A833B802AD2B4B50047A660 /* Pipelines.swift */; };
		4A833BD82AD2B4B60047A660 /* LightingRenderPass.swift in Sources */ = {isa = PBXBuildFile; fileRef = 4A833B812AD2B4B50047A660 /* LightingRenderPass.swift */; };
		4A833BD92AD2B4B60047A660 /* RenderPass.swift in Sources */ = {isa = PBXBuildFile; fileRef = 4A833B822AD2B4B50047A660 /* RenderPass.swift */; };
		4A833BDA2AD2B4B60047A660 /* GBufferRenderPass.swift in Sources */ = {isa = PBXBuildFile; fileRef = 4A833B832AD2B4B50047A660 /* GBufferRenderPass.swift */; };
		4A833BDB2AD2B4B60047A660 /* ForwardRenderPass.swift in Sources */ = {isa = PBXBuildFile; fileRef = 4A833B842AD2B4B50047A660 /* ForwardRenderPass.swift */; };
		4A833BDC2AD2B4B60047A660 /* ObjectIdRenderPass.swift in Sources */ = {isa = PBXBuildFile; fileRef = 4A833B852AD2B4B50047A660 /* ObjectIdRenderPass.swift */; };
		4A833BDD2AD2B4B60047A660 /* TextureController.swift in Sources */ = {isa = PBXBuildFile; fileRef = 4A833B872AD2B4B50047A660 /* TextureController.swift */; };
		4A833BDE2AD2B4B60047A660 /* Textures.xcassets in Resources */ = {isa = PBXBuildFile; fileRef = 4A833B882AD2B4B50047A660 /* Textures.xcassets */; };
		4A833BDF2AD2B4B60047A660 /* Shadow.metal in Sources */ = {isa = PBXBuildFile; fileRef = 4A833B8B2AD2B4B50047A660 /* Shadow.metal */; };
		4A833BE02AD2B4B60047A660 /* Shaders.metal in Sources */ = {isa = PBXBuildFile; fileRef = 4A833B8C2AD2B4B50047A660 /* Shaders.metal */; };
		4A833BE12AD2B4B60047A660 /* Deferred.metal in Sources */ = {isa = PBXBuildFile; fileRef = 4A833B8D2AD2B4B50047A660 /* Deferred.metal */; };
		4A833BE22AD2B4B60047A660 /* PBR.metal in Sources */ = {isa = PBXBuildFile; fileRef = 4A833B8F2AD2B4B50047A660 /* PBR.metal */; };
		4A833BE32AD2B4B60047A660 /* ObjectId.metal in Sources */ = {isa = PBXBuildFile; fileRef = 4A833B902AD2B4B50047A660 /* ObjectId.metal */; };
		4A833BE42AD2B4B60047A660 /* Lighting.metal in Sources */ = {isa = PBXBuildFile; fileRef = 4A833B922AD2B4B50047A660 /* Lighting.metal */; };
		4A833BE52AD2B4B60047A660 /* helmet.mtl in Resources */ = {isa = PBXBuildFile; fileRef = 4A833B952AD2B4B50047A660 /* helmet.mtl */; };
		4A833BE62AD2B4B60047A660 /* helmet-metallic.png in Resources */ = {isa = PBXBuildFile; fileRef = 4A833B962AD2B4B50047A660 /* helmet-metallic.png */; };
		4A833BE72AD2B4B60047A660 /* helmet-normal.png in Resources */ = {isa = PBXBuildFile; fileRef = 4A833B972AD2B4B50047A660 /* helmet-normal.png */; };
		4A833BE82AD2B4B60047A660 /* helmet-roughness.png in Resources */ = {isa = PBXBuildFile; fileRef = 4A833B982AD2B4B50047A660 /* helmet-roughness.png */; };
		4A833BE92AD2B4B60047A660 /* helmet_color.png in Resources */ = {isa = PBXBuildFile; fileRef = 4A833B992AD2B4B50047A660 /* helmet_color.png */; };
		4A833BEA2AD2B4B60047A660 /* helmet_ao.png in Resources */ = {isa = PBXBuildFile; fileRef = 4A833B9A2AD2B4B50047A660 /* helmet_ao.png */; };
		4A833BEB2AD2B4B60047A660 /* helmet.obj in Resources */ = {isa = PBXBuildFile; fileRef = 4A833B9B2AD2B4B50047A660 /* helmet.obj */; };
		4A833BEC2AD2B4B60047A660 /* license.txt in Resources */ = {isa = PBXBuildFile; fileRef = 4A833B9C2AD2B4B50047A660 /* license.txt */; };
		4A833BED2AD2B4B60047A660 /* fourareen2K_albedo.jpg in Resources */ = {isa = PBXBuildFile; fileRef = 4A833B9E2AD2B4B50047A660 /* fourareen2K_albedo.jpg */; };
		4A833BEE2AD2B4B60047A660 /* fourareen.obj in Resources */ = {isa = PBXBuildFile; fileRef = 4A833B9F2AD2B4B50047A660 /* fourareen.obj */; };
		4A833BEF2AD2B4B60047A660 /* fourareen.mtl in Resources */ = {isa = PBXBuildFile; fileRef = 4A833BA02AD2B4B50047A660 /* fourareen.mtl */; };
		4A833BF02AD2B4B60047A660 /* cottage2.mtl in Resources */ = {isa = PBXBuildFile; fileRef = 4A833BA22AD2B4B50047A660 /* cottage2.mtl */; };
		4A833BF12AD2B4B60047A660 /* cottage1.mtl in Resources */ = {isa = PBXBuildFile; fileRef = 4A833BA32AD2B4B50047A660 /* cottage1.mtl */; };
		4A833BF22AD2B4B60047A660 /* cottage1.obj in Resources */ = {isa = PBXBuildFile; fileRef = 4A833BA42AD2B4B50047A660 /* cottage1.obj */; };
		4A833BF32AD2B4B60047A660 /* cottage2.obj in Resources */ = {isa = PBXBuildFile; fileRef = 4A833BA52AD2B4B50047A660 /* cottage2.obj */; };
		4A833BF42AD2B4B60047A660 /* cube.obj in Resources */ = {isa = PBXBuildFile; fileRef = 4A833BA72AD2B4B50047A660 /* cube.obj */; };
		4A833BF52AD2B4B60047A660 /* cube.mtl in Resources */ = {isa = PBXBuildFile; fileRef = 4A833BA82AD2B4B50047A660 /* cube.mtl */; };
		4A833BF62AD2B4B60047A660 /* gizmo.usd in Resources */ = {isa = PBXBuildFile; fileRef = 4A833BAA2AD2B4B50047A660 /* gizmo.usd */; };
		4A833BF72AD2B4B60047A660 /* sphere.obj in Resources */ = {isa = PBXBuildFile; fileRef = 4A833BAC2AD2B4B50047A660 /* sphere.obj */; };
		4A833BF82AD2B4B60047A660 /* sphere.mtl in Resources */ = {isa = PBXBuildFile; fileRef = 4A833BAD2AD2B4B50047A660 /* sphere.mtl */; };
		4A833BF92AD2B4B60047A660 /* large_plane.mtl in Resources */ = {isa = PBXBuildFile; fileRef = 4A833BAF2AD2B4B50047A660 /* large_plane.mtl */; };
		4A833BFA2AD2B4B60047A660 /* icosphere.mtl in Resources */ = {isa = PBXBuildFile; fileRef = 4A833BB02AD2B4B50047A660 /* icosphere.mtl */; };
		4A833BFB2AD2B4B60047A660 /* treefir.mtl in Resources */ = {isa = PBXBuildFile; fileRef = 4A833BB12AD2B4B50047A660 /* treefir.mtl */; };
		4A833BFC2AD2B4B60047A660 /* sun_sphere.obj in Resources */ = {isa = PBXBuildFile; fileRef = 4A833BB22AD2B4B50047A660 /* sun_sphere.obj */; };
		4A833BFD2AD2B4B60047A660 /* train.obj in Resources */ = {isa = PBXBuildFile; fileRef = 4A833BB32AD2B4B50047A660 /* train.obj */; };
		4A833BFE2AD2B4B60047A660 /* treefir.obj in Resources */ = {isa = PBXBuildFile; fileRef = 4A833BB42AD2B4B50047A660 /* treefir.obj */; };
		4A833BFF2AD2B4B60047A660 /* sun_sphere.mtl in Resources */ = {isa = PBXBuildFile; fileRef = 4A833BB52AD2B4B50047A660 /* sun_sphere.mtl */; };
		4A833C002AD2B4B60047A660 /* icosphere.obj in Resources */ = {isa = PBXBuildFile; fileRef = 4A833BB62AD2B4B60047A660 /* icosphere.obj */; };
		4A833C012AD2B4B60047A660 /* train.mtl in Resources */ = {isa = PBXBuildFile; fileRef = 4A833BB72AD2B4B60047A660 /* train.mtl */; };
		4A833C022AD2B4B60047A660 /* large_plane.obj in Resources */ = {isa = PBXBuildFile; fileRef = 4A833BB82AD2B4B60047A660 /* large_plane.obj */; };
		4A833C032AD2B4B60047A660 /* GameController.swift in Sources */ = {isa = PBXBuildFile; fileRef = 4A833BBA2AD2B4B60047A660 /* GameController.swift */; };
		4A833C042AD2B4B60047A660 /* ShadowCamera.swift in Sources */ = {isa = PBXBuildFile; fileRef = 4A833BBB2AD2B4B60047A660 /* ShadowCamera.swift */; };
		4A833C052AD2B4B60047A660 /* GameScene.swift in Sources */ = {isa = PBXBuildFile; fileRef = 4A833BBC2AD2B4B60047A660 /* GameScene.swift */; };
		4A833C062AD2B4B60047A660 /* Camera.swift in Sources */ = {isa = PBXBuildFile; fileRef = 4A833BBD2AD2B4B60047A660 /* Camera.swift */; };
		4A833C072AD2B4B60047A660 /* SceneLighting.swift in Sources */ = {isa = PBXBuildFile; fileRef = 4A833BBE2AD2B4B60047A660 /* SceneLighting.swift */; };
		4A833C082AD2B4B60047A660 /* Renderer.swift in Sources */ = {isa = PBXBuildFile; fileRef = 4A833BBF2AD2B4B60047A660 /* Renderer.swift */; };
		4A833C092AD2B4B60047A660 /* Movement.swift in Sources */ = {isa = PBXBuildFile; fileRef = 4A833BC12AD2B4B60047A660 /* Movement.swift */; };
		4A833C0A2AD2B4B60047A660 /* InputController.swift in Sources */ = {isa = PBXBuildFile; fileRef = 4A833BC22AD2B4B60047A660 /* InputController.swift */; };
		4A833C0B2AD2B4B60047A660 /* Mesh.swift in Sources */ = {isa = PBXBuildFile; fileRef = 4A833BC42AD2B4B60047A660 /* Mesh.swift */; };
		4A833C0C2AD2B4B60047A660 /* Model.swift in Sources */ = {isa = PBXBuildFile; fileRef = 4A833BC52AD2B4B60047A660 /* Model.swift */; };
		4A833C0D2AD2B4B60047A660 /* Transform.swift in Sources */ = {isa = PBXBuildFile; fileRef = 4A833BC62AD2B4B60047A660 /* Transform.swift */; };
		4A833C0E2AD2B4B60047A660 /* Submesh.swift in Sources */ = {isa = PBXBuildFile; fileRef = 4A833BC72AD2B4B60047A660 /* Submesh.swift */; };
		4A833C0F2AD2B4B60047A660 /* VertexDescriptor.swift in Sources */ = {isa = PBXBuildFile; fileRef = 4A833BC82AD2B4B60047A660 /* VertexDescriptor.swift */; };
		4A833C102AD2B4B60047A660 /* DebugCameraFrustum.swift in Sources */ = {isa = PBXBuildFile; fileRef = 4A833BCA2AD2B4B60047A660 /* DebugCameraFrustum.swift */; };
		4A833C112AD2B4B60047A660 /* DebugModel.swift in Sources */ = {isa = PBXBuildFile; fileRef = 4A833BCB2AD2B4B60047A660 /* DebugModel.swift */; };
		4A833C122AD2B4B60047A660 /* DebugLights.metal in Sources */ = {isa = PBXBuildFile; fileRef = 4A833BCC2AD2B4B60047A660 /* DebugLights.metal */; };
		4A833C132AD2B4B60047A660 /* MathLib.swift in Sources */ = {isa = PBXBuildFile; fileRef = 4A833BCD2AD2B4B60047A660 /* MathLib.swift */; };
		4A833C142AD2B4B60047A660 /* DebugCameraFrustum.metal in Sources */ = {isa = PBXBuildFile; fileRef = 4A833BCE2AD2B4B60047A660 /* DebugCameraFrustum.metal */; };
		4A833C152AD2B4B60047A660 /* DebugLight.swift in Sources */ = {isa = PBXBuildFile; fileRef = 4A833BCF2AD2B4B60047A660 /* DebugLight.swift */; };
		4A833C162AD2B4B60047A660 /* Options.swift in Sources */ = {isa = PBXBuildFile; fileRef = 4A833BD12AD2B4B60047A660 /* Options.swift */; };
		4A833C172AD2B4B60047A660 /* MetalView.swift in Sources */ = {isa = PBXBuildFile; fileRef = 4A833BD22AD2B4B60047A660 /* MetalView.swift */; };
		4A833C182AD2B4B60047A660 /* RadioButton.swift in Sources */ = {isa = PBXBuildFile; fileRef = 4A833BD32AD2B4B60047A660 /* RadioButton.swift */; };
		4A833C192AD2B4B60047A660 /* ContentView.swift in Sources */ = {isa = PBXBuildFile; fileRef = 4A833BD42AD2B4B60047A660 /* ContentView.swift */; };
/* End PBXBuildFile section */

/* Begin PBXFileReference section */
		4A833B6B2AD2B4A60047A660 /* TileBasedDefferedRendering.app */ = {isa = PBXFileReference; explicitFileType = wrapper.application; includeInIndex = 0; path = TileBasedDefferedRendering.app; sourceTree = BUILT_PRODUCTS_DIR; };
		4A833B6E2AD2B4A60047A660 /* TileBasedDefferedRenderingApp.swift */ = {isa = PBXFileReference; lastKnownFileType = sourcecode.swift; path = TileBasedDefferedRenderingApp.swift; sourceTree = "<group>"; };
		4A833B722AD2B4A70047A660 /* Assets.xcassets */ = {isa = PBXFileReference; lastKnownFileType = folder.assetcatalog; path = Assets.xcassets; sourceTree = "<group>"; };
		4A833B742AD2B4A70047A660 /* TileBasedDefferedRendering.entitlements */ = {isa = PBXFileReference; lastKnownFileType = text.plist.entitlements; path = TileBasedDefferedRendering.entitlements; sourceTree = "<group>"; };
		4A833B762AD2B4A70047A660 /* Preview Assets.xcassets */ = {isa = PBXFileReference; lastKnownFileType = folder.assetcatalog; path = "Preview Assets.xcassets"; sourceTree = "<group>"; };
		4A833B7E2AD2B4B50047A660 /* TiledDeferredRenderPass.swift */ = {isa = PBXFileReference; fileEncoding = 4; lastKnownFileType = sourcecode.swift; path = TiledDeferredRenderPass.swift; sourceTree = "<group>"; };
		4A833B7F2AD2B4B50047A660 /* ShadowRenderPass.swift */ = {isa = PBXFileReference; fileEncoding = 4; lastKnownFileType = sourcecode.swift; path = ShadowRenderPass.swift; sourceTree = "<group>"; };
		4A833B802AD2B4B50047A660 /* Pipelines.swift */ = {isa = PBXFileReference; fileEncoding = 4; lastKnownFileType = sourcecode.swift; path = Pipelines.swift; sourceTree = "<group>"; };
		4A833B812AD2B4B50047A660 /* LightingRenderPass.swift */ = {isa = PBXFileReference; fileEncoding = 4; lastKnownFileType = sourcecode.swift; path = LightingRenderPass.swift; sourceTree = "<group>"; };
		4A833B822AD2B4B50047A660 /* RenderPass.swift */ = {isa = PBXFileReference; fileEncoding = 4; lastKnownFileType = sourcecode.swift; path = RenderPass.swift; sourceTree = "<group>"; };
		4A833B832AD2B4B50047A660 /* GBufferRenderPass.swift */ = {isa = PBXFileReference; fileEncoding = 4; lastKnownFileType = sourcecode.swift; path = GBufferRenderPass.swift; sourceTree = "<group>"; };
		4A833B842AD2B4B50047A660 /* ForwardRenderPass.swift */ = {isa = PBXFileReference; fileEncoding = 4; lastKnownFileType = sourcecode.swift; path = ForwardRenderPass.swift; sourceTree = "<group>"; };
		4A833B852AD2B4B50047A660 /* ObjectIdRenderPass.swift */ = {isa = PBXFileReference; fileEncoding = 4; lastKnownFileType = sourcecode.swift; path = ObjectIdRenderPass.swift; sourceTree = "<group>"; };
		4A833B872AD2B4B50047A660 /* TextureController.swift */ = {isa = PBXFileReference; fileEncoding = 4; lastKnownFileType = sourcecode.swift; path = TextureController.swift; sourceTree = "<group>"; };
		4A833B882AD2B4B50047A660 /* Textures.xcassets */ = {isa = PBXFileReference; lastKnownFileType = folder.assetcatalog; path = Textures.xcassets; sourceTree = "<group>"; };
		4A833B8A2AD2B4B50047A660 /* Vertex.h */ = {isa = PBXFileReference; fileEncoding = 4; lastKnownFileType = sourcecode.c.h; path = Vertex.h; sourceTree = "<group>"; };
		4A833B8B2AD2B4B50047A660 /* Shadow.metal */ = {isa = PBXFileReference; fileEncoding = 4; lastKnownFileType = sourcecode.metal; path = Shadow.metal; sourceTree = "<group>"; };
		4A833B8C2AD2B4B50047A660 /* Shaders.metal */ = {isa = PBXFileReference; fileEncoding = 4; lastKnownFileType = sourcecode.metal; path = Shaders.metal; sourceTree = "<group>"; };
		4A833B8D2AD2B4B50047A660 /* Deferred.metal */ = {isa = PBXFileReference; fileEncoding = 4; lastKnownFileType = sourcecode.metal; path = Deferred.metal; sourceTree = "<group>"; };
		4A833B8E2AD2B4B50047A660 /* Common.h */ = {isa = PBXFileReference; fileEncoding = 4; lastKnownFileType = sourcecode.c.h; path = Common.h; sourceTree = "<group>"; };
		4A833B8F2AD2B4B50047A660 /* PBR.metal */ = {isa = PBXFileReference; fileEncoding = 4; lastKnownFileType = sourcecode.metal; path = PBR.metal; sourceTree = "<group>"; };
		4A833B902AD2B4B50047A660 /* ObjectId.metal */ = {isa = PBXFileReference; fileEncoding = 4; lastKnownFileType = sourcecode.metal; path = ObjectId.metal; sourceTree = "<group>"; };
		4A833B912AD2B4B50047A660 /* Lighting.h */ = {isa = PBXFileReference; fileEncoding = 4; lastKnownFileType = sourcecode.c.h; path = Lighting.h; sourceTree = "<group>"; };
		4A833B922AD2B4B50047A660 /* Lighting.metal */ = {isa = PBXFileReference; fileEncoding = 4; lastKnownFileType = sourcecode.metal; path = Lighting.metal; sourceTree = "<group>"; };
		4A833B952AD2B4B50047A660 /* helmet.mtl */ = {isa = PBXFileReference; fileEncoding = 4; lastKnownFileType = text; path = helmet.mtl; sourceTree = "<group>"; };
		4A833B962AD2B4B50047A660 /* helmet-metallic.png */ = {isa = PBXFileReference; lastKnownFileType = image.png; path = "helmet-metallic.png"; sourceTree = "<group>"; };
		4A833B972AD2B4B50047A660 /* helmet-normal.png */ = {isa = PBXFileReference; lastKnownFileType = image.png; path = "helmet-normal.png"; sourceTree = "<group>"; };
		4A833B982AD2B4B50047A660 /* helmet-roughness.png */ = {isa = PBXFileReference; lastKnownFileType = image.png; path = "helmet-roughness.png"; sourceTree = "<group>"; };
		4A833B992AD2B4B50047A660 /* helmet_color.png */ = {isa = PBXFileReference; lastKnownFileType = image.png; path = helmet_color.png; sourceTree = "<group>"; };
		4A833B9A2AD2B4B50047A660 /* helmet_ao.png */ = {isa = PBXFileReference; lastKnownFileType = image.png; path = helmet_ao.png; sourceTree = "<group>"; };
		4A833B9B2AD2B4B50047A660 /* helmet.obj */ = {isa = PBXFileReference; fileEncoding = 4; lastKnownFileType = text; path = helmet.obj; sourceTree = "<group>"; };
		4A833B9C2AD2B4B50047A660 /* license.txt */ = {isa = PBXFileReference; fileEncoding = 4; lastKnownFileType = text; path = license.txt; sourceTree = "<group>"; };
		4A833B9E2AD2B4B50047A660 /* fourareen2K_albedo.jpg */ = {isa = PBXFileReference; lastKnownFileType = image.jpeg; path = fourareen2K_albedo.jpg; sourceTree = "<group>"; };
		4A833B9F2AD2B4B50047A660 /* fourareen.obj */ = {isa = PBXFileReference; fileEncoding = 4; lastKnownFileType = text; path = fourareen.obj; sourceTree = "<group>"; };
		4A833BA02AD2B4B50047A660 /* fourareen.mtl */ = {isa = PBXFileReference; fileEncoding = 4; lastKnownFileType = text; path = fourareen.mtl; sourceTree = "<group>"; };
		4A833BA22AD2B4B50047A660 /* cottage2.mtl */ = {isa = PBXFileReference; fileEncoding = 4; lastKnownFileType = text; path = cottage2.mtl; sourceTree = "<group>"; };
		4A833BA32AD2B4B50047A660 /* cottage1.mtl */ = {isa = PBXFileReference; fileEncoding = 4; lastKnownFileType = text; path = cottage1.mtl; sourceTree = "<group>"; };
		4A833BA42AD2B4B50047A660 /* cottage1.obj */ = {isa = PBXFileReference; fileEncoding = 4; lastKnownFileType = text; path = cottage1.obj; sourceTree = "<group>"; };
		4A833BA52AD2B4B50047A660 /* cottage2.obj */ = {isa = PBXFileReference; fileEncoding = 4; lastKnownFileType = text; path = cottage2.obj; sourceTree = "<group>"; };
		4A833BA72AD2B4B50047A660 /* cube.obj */ = {isa = PBXFileReference; fileEncoding = 4; lastKnownFileType = text; path = cube.obj; sourceTree = "<group>"; };
		4A833BA82AD2B4B50047A660 /* cube.mtl */ = {isa = PBXFileReference; fileEncoding = 4; lastKnownFileType = text; path = cube.mtl; sourceTree = "<group>"; };
		4A833BAA2AD2B4B50047A660 /* gizmo.usd */ = {isa = PBXFileReference; lastKnownFileType = file; path = gizmo.usd; sourceTree = "<group>"; };
		4A833BAC2AD2B4B50047A660 /* sphere.obj */ = {isa = PBXFileReference; fileEncoding = 4; lastKnownFileType = text; path = sphere.obj; sourceTree = "<group>"; };
		4A833BAD2AD2B4B50047A660 /* sphere.mtl */ = {isa = PBXFileReference; fileEncoding = 4; lastKnownFileType = text; path = sphere.mtl; sourceTree = "<group>"; };
		4A833BAF2AD2B4B50047A660 /* large_plane.mtl */ = {isa = PBXFileReference; fileEncoding = 4; lastKnownFileType = text; path = large_plane.mtl; sourceTree = "<group>"; };
		4A833BB02AD2B4B50047A660 /* icosphere.mtl */ = {isa = PBXFileReference; fileEncoding = 4; lastKnownFileType = text; path = icosphere.mtl; sourceTree = "<group>"; };
		4A833BB12AD2B4B50047A660 /* treefir.mtl */ = {isa = PBXFileReference; fileEncoding = 4; lastKnownFileType = text; path = treefir.mtl; sourceTree = "<group>"; };
		4A833BB22AD2B4B50047A660 /* sun_sphere.obj */ = {isa = PBXFileReference; fileEncoding = 4; lastKnownFileType = text; path = sun_sphere.obj; sourceTree = "<group>"; };
		4A833BB32AD2B4B50047A660 /* train.obj */ = {isa = PBXFileReference; fileEncoding = 4; lastKnownFileType = text; path = train.obj; sourceTree = "<group>"; };
		4A833BB42AD2B4B50047A660 /* treefir.obj */ = {isa = PBXFileReference; fileEncoding = 4; lastKnownFileType = text; path = treefir.obj; sourceTree = "<group>"; };
		4A833BB52AD2B4B50047A660 /* sun_sphere.mtl */ = {isa = PBXFileReference; fileEncoding = 4; lastKnownFileType = text; path = sun_sphere.mtl; sourceTree = "<group>"; };
		4A833BB62AD2B4B60047A660 /* icosphere.obj */ = {isa = PBXFileReference; fileEncoding = 4; lastKnownFileType = text; path = icosphere.obj; sourceTree = "<group>"; };
		4A833BB72AD2B4B60047A660 /* train.mtl */ = {isa = PBXFileReference; fileEncoding = 4; lastKnownFileType = text; path = train.mtl; sourceTree = "<group>"; };
		4A833BB82AD2B4B60047A660 /* large_plane.obj */ = {isa = PBXFileReference; fileEncoding = 4; lastKnownFileType = text; path = large_plane.obj; sourceTree = "<group>"; };
		4A833BBA2AD2B4B60047A660 /* GameController.swift */ = {isa = PBXFileReference; fileEncoding = 4; lastKnownFileType = sourcecode.swift; path = GameController.swift; sourceTree = "<group>"; };
		4A833BBB2AD2B4B60047A660 /* ShadowCamera.swift */ = {isa = PBXFileReference; fileEncoding = 4; lastKnownFileType = sourcecode.swift; path = ShadowCamera.swift; sourceTree = "<group>"; };
		4A833BBC2AD2B4B60047A660 /* GameScene.swift */ = {isa = PBXFileReference; fileEncoding = 4; lastKnownFileType = sourcecode.swift; path = GameScene.swift; sourceTree = "<group>"; };
		4A833BBD2AD2B4B60047A660 /* Camera.swift */ = {isa = PBXFileReference; fileEncoding = 4; lastKnownFileType = sourcecode.swift; path = Camera.swift; sourceTree = "<group>"; };
		4A833BBE2AD2B4B60047A660 /* SceneLighting.swift */ = {isa = PBXFileReference; fileEncoding = 4; lastKnownFileType = sourcecode.swift; path = SceneLighting.swift; sourceTree = "<group>"; };
		4A833BBF2AD2B4B60047A660 /* Renderer.swift */ = {isa = PBXFileReference; fileEncoding = 4; lastKnownFileType = sourcecode.swift; path = Renderer.swift; sourceTree = "<group>"; };
		4A833BC12AD2B4B60047A660 /* Movement.swift */ = {isa = PBXFileReference; fileEncoding = 4; lastKnownFileType = sourcecode.swift; path = Movement.swift; sourceTree = "<group>"; };
		4A833BC22AD2B4B60047A660 /* InputController.swift */ = {isa = PBXFileReference; fileEncoding = 4; lastKnownFileType = sourcecode.swift; path = InputController.swift; sourceTree = "<group>"; };
		4A833BC42AD2B4B60047A660 /* Mesh.swift */ = {isa = PBXFileReference; fileEncoding = 4; lastKnownFileType = sourcecode.swift; path = Mesh.swift; sourceTree = "<group>"; };
		4A833BC52AD2B4B60047A660 /* Model.swift */ = {isa = PBXFileReference; fileEncoding = 4; lastKnownFileType = sourcecode.swift; path = Model.swift; sourceTree = "<group>"; };
		4A833BC62AD2B4B60047A660 /* Transform.swift */ = {isa = PBXFileReference; fileEncoding = 4; lastKnownFileType = sourcecode.swift; path = Transform.swift; sourceTree = "<group>"; };
		4A833BC72AD2B4B60047A660 /* Submesh.swift */ = {isa = PBXFileReference; fileEncoding = 4; lastKnownFileType = sourcecode.swift; path = Submesh.swift; sourceTree = "<group>"; };
		4A833BC82AD2B4B60047A660 /* VertexDescriptor.swift */ = {isa = PBXFileReference; fileEncoding = 4; lastKnownFileType = sourcecode.swift; path = VertexDescriptor.swift; sourceTree = "<group>"; };
		4A833BCA2AD2B4B60047A660 /* DebugCameraFrustum.swift */ = {isa = PBXFileReference; fileEncoding = 4; lastKnownFileType = sourcecode.swift; path = DebugCameraFrustum.swift; sourceTree = "<group>"; };
		4A833BCB2AD2B4B60047A660 /* DebugModel.swift */ = {isa = PBXFileReference; fileEncoding = 4; lastKnownFileType = sourcecode.swift; path = DebugModel.swift; sourceTree = "<group>"; };
		4A833BCC2AD2B4B60047A660 /* DebugLights.metal */ = {isa = PBXFileReference; fileEncoding = 4; lastKnownFileType = sourcecode.metal; path = DebugLights.metal; sourceTree = "<group>"; };
		4A833BCD2AD2B4B60047A660 /* MathLib.swift */ = {isa = PBXFileReference; fileEncoding = 4; lastKnownFileType = sourcecode.swift; path = MathLib.swift; sourceTree = "<group>"; };
		4A833BCE2AD2B4B60047A660 /* DebugCameraFrustum.metal */ = {isa = PBXFileReference; fileEncoding = 4; lastKnownFileType = sourcecode.metal; path = DebugCameraFrustum.metal; sourceTree = "<group>"; };
		4A833BCF2AD2B4B60047A660 /* DebugLight.swift */ = {isa = PBXFileReference; fileEncoding = 4; lastKnownFileType = sourcecode.swift; path = DebugLight.swift; sourceTree = "<group>"; };
		4A833BD12AD2B4B60047A660 /* Options.swift */ = {isa = PBXFileReference; fileEncoding = 4; lastKnownFileType = sourcecode.swift; path = Options.swift; sourceTree = "<group>"; };
		4A833BD22AD2B4B60047A660 /* MetalView.swift */ = {isa = PBXFileReference; fileEncoding = 4; lastKnownFileType = sourcecode.swift; path = MetalView.swift; sourceTree = "<group>"; };
		4A833BD32AD2B4B60047A660 /* RadioButton.swift */ = {isa = PBXFileReference; fileEncoding = 4; lastKnownFileType = sourcecode.swift; path = RadioButton.swift; sourceTree = "<group>"; };
		4A833BD42AD2B4B60047A660 /* ContentView.swift */ = {isa = PBXFileReference; fileEncoding = 4; lastKnownFileType = sourcecode.swift; path = ContentView.swift; sourceTree = "<group>"; };
/* End PBXFileReference section */

/* Begin PBXFrameworksBuildPhase section */
		4A833B682AD2B4A60047A660 /* Frameworks */ = {
			isa = PBXFrameworksBuildPhase;
			buildActionMask = 2147483647;
			files = (
			);
			runOnlyForDeploymentPostprocessing = 0;
		};
/* End PBXFrameworksBuildPhase section */

/* Begin PBXGroup section */
		4A833B622AD2B4A60047A660 = {
			isa = PBXGroup;
			children = (
				4A833B6D2AD2B4A60047A660 /* TileBasedDefferedRendering */,
				4A833B6C2AD2B4A60047A660 /* Products */,
			);
			sourceTree = "<group>";
		};
		4A833B6C2AD2B4A60047A660 /* Products */ = {
			isa = PBXGroup;
			children = (
				4A833B6B2AD2B4A60047A660 /* TileBasedDefferedRendering.app */,
			);
			name = Products;
			sourceTree = "<group>";
		};
		4A833B6D2AD2B4A60047A660 /* TileBasedDefferedRendering */ = {
			isa = PBXGroup;
			children = (
				4A833BB92AD2B4B60047A660 /* Game */,
				4A833BC32AD2B4B60047A660 /* Geometry */,
				4A833BC02AD2B4B60047A660 /* Input */,
				4A833B932AD2B4B50047A660 /* Models */,
				4A833B7D2AD2B4B50047A660 /* RenderPasses */,
				4A833B892AD2B4B50047A660 /* Shaders */,
				4A833BD02AD2B4B60047A660 /* SwiftUI Views */,
				4A833B862AD2B4B50047A660 /* Textures */,
				4A833BC92AD2B4B60047A660 /* Utility */,
				4A833B6E2AD2B4A60047A660 /* TileBasedDefferedRenderingApp.swift */,
				4A833B722AD2B4A70047A660 /* Assets.xcassets */,
				4A833B742AD2B4A70047A660 /* TileBasedDefferedRendering.entitlements */,
				4A833B752AD2B4A70047A660 /* Preview Content */,
			);
			path = TileBasedDefferedRendering;
			sourceTree = "<group>";
		};
		4A833B752AD2B4A70047A660 /* Preview Content */ = {
			isa = PBXGroup;
			children = (
				4A833B762AD2B4A70047A660 /* Preview Assets.xcassets */,
			);
			path = "Preview Content";
			sourceTree = "<group>";
		};
		4A833B7D2AD2B4B50047A660 /* RenderPasses */ = {
			isa = PBXGroup;
			children = (
				4A833B7E2AD2B4B50047A660 /* TiledDeferredRenderPass.swift */,
				4A833B7F2AD2B4B50047A660 /* ShadowRenderPass.swift */,
				4A833B802AD2B4B50047A660 /* Pipelines.swift */,
				4A833B812AD2B4B50047A660 /* LightingRenderPass.swift */,
				4A833B822AD2B4B50047A660 /* RenderPass.swift */,
				4A833B832AD2B4B50047A660 /* GBufferRenderPass.swift */,
				4A833B842AD2B4B50047A660 /* ForwardRenderPass.swift */,
				4A833B852AD2B4B50047A660 /* ObjectIdRenderPass.swift */,
			);
			path = RenderPasses;
			sourceTree = "<group>";
		};
		4A833B862AD2B4B50047A660 /* Textures */ = {
			isa = PBXGroup;
			children = (
				4A833B872AD2B4B50047A660 /* TextureController.swift */,
				4A833B882AD2B4B50047A660 /* Textures.xcassets */,
			);
			path = Textures;
			sourceTree = "<group>";
		};
		4A833B892AD2B4B50047A660 /* Shaders */ = {
			isa = PBXGroup;
			children = (
				4A833B8A2AD2B4B50047A660 /* Vertex.h */,
				4A833B8B2AD2B4B50047A660 /* Shadow.metal */,
				4A833B8C2AD2B4B50047A660 /* Shaders.metal */,
				4A833B8D2AD2B4B50047A660 /* Deferred.metal */,
				4A833B8E2AD2B4B50047A660 /* Common.h */,
				4A833B8F2AD2B4B50047A660 /* PBR.metal */,
				4A833B902AD2B4B50047A660 /* ObjectId.metal */,
				4A833B912AD2B4B50047A660 /* Lighting.h */,
				4A833B922AD2B4B50047A660 /* Lighting.metal */,
			);
			path = Shaders;
			sourceTree = "<group>";
		};
		4A833B932AD2B4B50047A660 /* Models */ = {
			isa = PBXGroup;
			children = (
				4A833B942AD2B4B50047A660 /* helmet */,
				4A833B9D2AD2B4B50047A660 /* Fourareen */,
				4A833BA12AD2B4B50047A660 /* Cottage */,
				4A833BA62AD2B4B50047A660 /* Cube */,
				4A833BA92AD2B4B50047A660 /* Gizmo */,
				4A833BAB2AD2B4B50047A660 /* Sphere */,
				4A833BAE2AD2B4B50047A660 /* 12 */,
			);
			path = Models;
			sourceTree = "<group>";
		};
		4A833B942AD2B4B50047A660 /* helmet */ = {
			isa = PBXGroup;
			children = (
				4A833B952AD2B4B50047A660 /* helmet.mtl */,
				4A833B962AD2B4B50047A660 /* helmet-metallic.png */,
				4A833B972AD2B4B50047A660 /* helmet-normal.png */,
				4A833B982AD2B4B50047A660 /* helmet-roughness.png */,
				4A833B992AD2B4B50047A660 /* helmet_color.png */,
				4A833B9A2AD2B4B50047A660 /* helmet_ao.png */,
				4A833B9B2AD2B4B50047A660 /* helmet.obj */,
				4A833B9C2AD2B4B50047A660 /* license.txt */,
			);
			path = helmet;
			sourceTree = "<group>";
		};
		4A833B9D2AD2B4B50047A660 /* Fourareen */ = {
			isa = PBXGroup;
			children = (
				4A833B9E2AD2B4B50047A660 /* fourareen2K_albedo.jpg */,
				4A833B9F2AD2B4B50047A660 /* fourareen.obj */,
				4A833BA02AD2B4B50047A660 /* fourareen.mtl */,
			);
			path = Fourareen;
			sourceTree = "<group>";
		};
		4A833BA12AD2B4B50047A660 /* Cottage */ = {
			isa = PBXGroup;
			children = (
				4A833BA22AD2B4B50047A660 /* cottage2.mtl */,
				4A833BA32AD2B4B50047A660 /* cottage1.mtl */,
				4A833BA42AD2B4B50047A660 /* cottage1.obj */,
				4A833BA52AD2B4B50047A660 /* cottage2.obj */,
			);
			path = Cottage;
			sourceTree = "<group>";
		};
		4A833BA62AD2B4B50047A660 /* Cube */ = {
			isa = PBXGroup;
			children = (
				4A833BA72AD2B4B50047A660 /* cube.obj */,
				4A833BA82AD2B4B50047A660 /* cube.mtl */,
			);
			path = Cube;
			sourceTree = "<group>";
		};
		4A833BA92AD2B4B50047A660 /* Gizmo */ = {
			isa = PBXGroup;
			children = (
				4A833BAA2AD2B4B50047A660 /* gizmo.usd */,
			);
			path = Gizmo;
			sourceTree = "<group>";
		};
		4A833BAB2AD2B4B50047A660 /* Sphere */ = {
			isa = PBXGroup;
			children = (
				4A833BAC2AD2B4B50047A660 /* sphere.obj */,
				4A833BAD2AD2B4B50047A660 /* sphere.mtl */,
			);
			path = Sphere;
			sourceTree = "<group>";
		};
		4A833BAE2AD2B4B50047A660 /* 12 */ = {
			isa = PBXGroup;
			children = (
				4A833BAF2AD2B4B50047A660 /* large_plane.mtl */,
				4A833BB02AD2B4B50047A660 /* icosphere.mtl */,
				4A833BB12AD2B4B50047A660 /* treefir.mtl */,
				4A833BB22AD2B4B50047A660 /* sun_sphere.obj */,
				4A833BB32AD2B4B50047A660 /* train.obj */,
				4A833BB42AD2B4B50047A660 /* treefir.obj */,
				4A833BB52AD2B4B50047A660 /* sun_sphere.mtl */,
				4A833BB62AD2B4B60047A660 /* icosphere.obj */,
				4A833BB72AD2B4B60047A660 /* train.mtl */,
				4A833BB82AD2B4B60047A660 /* large_plane.obj */,
			);
			path = 12;
			sourceTree = "<group>";
		};
		4A833BB92AD2B4B60047A660 /* Game */ = {
			isa = PBXGroup;
			children = (
				4A833BBA2AD2B4B60047A660 /* GameController.swift */,
				4A833BBB2AD2B4B60047A660 /* ShadowCamera.swift */,
				4A833BBC2AD2B4B60047A660 /* GameScene.swift */,
				4A833BBD2AD2B4B60047A660 /* Camera.swift */,
				4A833BBE2AD2B4B60047A660 /* SceneLighting.swift */,
				4A833BBF2AD2B4B60047A660 /* Renderer.swift */,
			);
			path = Game;
			sourceTree = "<group>";
		};
		4A833BC02AD2B4B60047A660 /* Input */ = {
			isa = PBXGroup;
			children = (
				4A833BC12AD2B4B60047A660 /* Movement.swift */,
				4A833BC22AD2B4B60047A660 /* InputController.swift */,
			);
			path = Input;
			sourceTree = "<group>";
		};
		4A833BC32AD2B4B60047A660 /* Geometry */ = {
			isa = PBXGroup;
			children = (
				4A833BC42AD2B4B60047A660 /* Mesh.swift */,
				4A833BC52AD2B4B60047A660 /* Model.swift */,
				4A833BC62AD2B4B60047A660 /* Transform.swift */,
				4A833BC72AD2B4B60047A660 /* Submesh.swift */,
				4A833BC82AD2B4B60047A660 /* VertexDescriptor.swift */,
			);
			path = Geometry;
			sourceTree = "<group>";
		};
		4A833BC92AD2B4B60047A660 /* Utility */ = {
			isa = PBXGroup;
			children = (
				4A833BCA2AD2B4B60047A660 /* DebugCameraFrustum.swift */,
				4A833BCB2AD2B4B60047A660 /* DebugModel.swift */,
				4A833BCC2AD2B4B60047A660 /* DebugLights.metal */,
				4A833BCD2AD2B4B60047A660 /* MathLib.swift */,
				4A833BCE2AD2B4B60047A660 /* DebugCameraFrustum.metal */,
				4A833BCF2AD2B4B60047A660 /* DebugLight.swift */,
			);
			path = Utility;
			sourceTree = "<group>";
		};
		4A833BD02AD2B4B60047A660 /* SwiftUI Views */ = {
			isa = PBXGroup;
			children = (
				4A833BD12AD2B4B60047A660 /* Options.swift */,
				4A833BD22AD2B4B60047A660 /* MetalView.swift */,
				4A833BD32AD2B4B60047A660 /* RadioButton.swift */,
				4A833BD42AD2B4B60047A660 /* ContentView.swift */,
			);
			path = "SwiftUI Views";
			sourceTree = "<group>";
		};
/* End PBXGroup section */

/* Begin PBXNativeTarget section */
		4A833B6A2AD2B4A60047A660 /* TileBasedDefferedRendering */ = {
			isa = PBXNativeTarget;
			buildConfigurationList = 4A833B7A2AD2B4A70047A660 /* Build configuration list for PBXNativeTarget "TileBasedDefferedRendering" */;
			buildPhases = (
				4A833B672AD2B4A60047A660 /* Sources */,
				4A833B682AD2B4A60047A660 /* Frameworks */,
				4A833B692AD2B4A60047A660 /* Resources */,
			);
			buildRules = (
			);
			dependencies = (
			);
			name = TileBasedDefferedRendering;
			productName = TileBasedDefferedRendering;
			productReference = 4A833B6B2AD2B4A60047A660 /* TileBasedDefferedRendering.app */;
			productType = "com.apple.product-type.application";
		};
/* End PBXNativeTarget section */

/* Begin PBXProject section */
		4A833B632AD2B4A60047A660 /* Project object */ = {
			isa = PBXProject;
			attributes = {
				BuildIndependentTargetsInParallel = 1;
				LastSwiftUpdateCheck = 1500;
				LastUpgradeCheck = 1500;
				TargetAttributes = {
					4A833B6A2AD2B4A60047A660 = {
						CreatedOnToolsVersion = 15.0;
					};
				};
			};
			buildConfigurationList = 4A833B662AD2B4A60047A660 /* Build configuration list for PBXProject "TileBasedDefferedRendering" */;
			compatibilityVersion = "Xcode 14.0";
			developmentRegion = en;
			hasScannedForEncodings = 0;
			knownRegions = (
				en,
				Base,
			);
			mainGroup = 4A833B622AD2B4A60047A660;
			productRefGroup = 4A833B6C2AD2B4A60047A660 /* Products */;
			projectDirPath = "";
			projectRoot = "";
			targets = (
				4A833B6A2AD2B4A60047A660 /* TileBasedDefferedRendering */,
			);
		};
/* End PBXProject section */

/* Begin PBXResourcesBuildPhase section */
		4A833B692AD2B4A60047A660 /* Resources */ = {
			isa = PBXResourcesBuildPhase;
			buildActionMask = 2147483647;
			files = (
				4A833BFC2AD2B4B60047A660 /* sun_sphere.obj in Resources */,
				4A833BE92AD2B4B60047A660 /* helmet_color.png in Resources */,
				4A833C012AD2B4B60047A660 /* train.mtl in Resources */,
				4A833BFB2AD2B4B60047A660 /* treefir.mtl in Resources */,
				4A833C022AD2B4B60047A660 /* large_plane.obj in Resources */,
				4A833BE52AD2B4B60047A660 /* helmet.mtl in Resources */,
				4A833BEC2AD2B4B60047A660 /* license.txt in Resources */,
				4A833BFE2AD2B4B60047A660 /* treefir.obj in Resources */,
				4A833BFA2AD2B4B60047A660 /* icosphere.mtl in Resources */,
				4A833BEF2AD2B4B60047A660 /* fourareen.mtl in Resources */,
				4A833BF92AD2B4B60047A660 /* large_plane.mtl in Resources */,
				4A833BFD2AD2B4B60047A660 /* train.obj in Resources */,
				4A833BF02AD2B4B60047A660 /* cottage2.mtl in Resources */,
				4A833BEB2AD2B4B60047A660 /* helmet.obj in Resources */,
				4A833BF52AD2B4B60047A660 /* cube.mtl in Resources */,
				4A833BDE2AD2B4B60047A660 /* Textures.xcassets in Resources */,
				4A833BF72AD2B4B60047A660 /* sphere.obj in Resources */,
				4A833B772AD2B4A70047A660 /* Preview Assets.xcassets in Resources */,
				4A833BF42AD2B4B60047A660 /* cube.obj in Resources */,
				4A833B732AD2B4A70047A660 /* Assets.xcassets in Resources */,
				4A833BEA2AD2B4B60047A660 /* helmet_ao.png in Resources */,
				4A833BF32AD2B4B60047A660 /* cottage2.obj in Resources */,
				4A833C002AD2B4B60047A660 /* icosphere.obj in Resources */,
				4A833BF62AD2B4B60047A660 /* gizmo.usd in Resources */,
				4A833BFF2AD2B4B60047A660 /* sun_sphere.mtl in Resources */,
				4A833BF22AD2B4B60047A660 /* cottage1.obj in Resources */,
				4A833BE82AD2B4B60047A660 /* helmet-roughness.png in Resources */,
				4A833BEE2AD2B4B60047A660 /* fourareen.obj in Resources */,
				4A833BE62AD2B4B60047A660 /* helmet-metallic.png in Resources */,
				4A833BE72AD2B4B60047A660 /* helmet-normal.png in Resources */,
				4A833BED2AD2B4B60047A660 /* fourareen2K_albedo.jpg in Resources */,
				4A833BF82AD2B4B60047A660 /* sphere.mtl in Resources */,
				4A833BF12AD2B4B60047A660 /* cottage1.mtl in Resources */,
			);
			runOnlyForDeploymentPostprocessing = 0;
		};
/* End PBXResourcesBuildPhase section */

/* Begin PBXSourcesBuildPhase section */
		4A833B672AD2B4A60047A660 /* Sources */ = {
			isa = PBXSourcesBuildPhase;
			buildActionMask = 2147483647;
			files = (
				4A833C0F2AD2B4B60047A660 /* VertexDescriptor.swift in Sources */,
				4A833C0C2AD2B4B60047A660 /* Model.swift in Sources */,
				4A833BD82AD2B4B60047A660 /* LightingRenderPass.swift in Sources */,
				4A833C112AD2B4B60047A660 /* DebugModel.swift in Sources */,
				4A833C042AD2B4B60047A660 /* ShadowCamera.swift in Sources */,
				4A833BE12AD2B4B60047A660 /* Deferred.metal in Sources */,
				4A833BE32AD2B4B60047A660 /* ObjectId.metal in Sources */,
				4A833C082AD2B4B60047A660 /* Renderer.swift in Sources */,
				4A833C062AD2B4B60047A660 /* Camera.swift in Sources */,
				4A833BE02AD2B4B60047A660 /* Shaders.metal in Sources */,
				4A833BE22AD2B4B60047A660 /* PBR.metal in Sources */,
				4A833C0D2AD2B4B60047A660 /* Transform.swift in Sources */,
				4A833BDD2AD2B4B60047A660 /* TextureController.swift in Sources */,
				4A833BDA2AD2B4B60047A660 /* GBufferRenderPass.swift in Sources */,
				4A833C132AD2B4B60047A660 /* MathLib.swift in Sources */,
				4A833BD72AD2B4B60047A660 /* Pipelines.swift in Sources */,
				4A833C052AD2B4B60047A660 /* GameScene.swift in Sources */,
				4A833C142AD2B4B60047A660 /* DebugCameraFrustum.metal in Sources */,
				4A833BD92AD2B4B60047A660 /* RenderPass.swift in Sources */,
				4A833C0B2AD2B4B60047A660 /* Mesh.swift in Sources */,
				4A833C122AD2B4B60047A660 /* DebugLights.metal in Sources */,
				4A833C172AD2B4B60047A660 /* MetalView.swift in Sources */,
				4A833B6F2AD2B4A60047A660 /* TileBasedDefferedRenderingApp.swift in Sources */,
				4A833C072AD2B4B60047A660 /* SceneLighting.swift in Sources */,
				4A833C0E2AD2B4B60047A660 /* Submesh.swift in Sources */,
				4A833C192AD2B4B60047A660 /* ContentView.swift in Sources */,
				4A833BE42AD2B4B60047A660 /* Lighting.metal in Sources */,
				4A833BDF2AD2B4B60047A660 /* Shadow.metal in Sources */,
				4A833C0A2AD2B4B60047A660 /* InputController.swift in Sources */,
				4A833C032AD2B4B60047A660 /* GameController.swift in Sources */,
				4A833BD62AD2B4B60047A660 /* ShadowRenderPass.swift in Sources */,
				4A833C092AD2B4B60047A660 /* Movement.swift in Sources */,
				4A833BDB2AD2B4B60047A660 /* ForwardRenderPass.swift in Sources */,
				4A833C182AD2B4B60047A660 /* RadioButton.swift in Sources */,
				4A833BDC2AD2B4B60047A660 /* ObjectIdRenderPass.swift in Sources */,
				4A833C162AD2B4B60047A660 /* Options.swift in Sources */,
				4A833BD52AD2B4B60047A660 /* TiledDeferredRenderPass.swift in Sources */,
				4A833C152AD2B4B60047A660 /* DebugLight.swift in Sources */,
				4A833C102AD2B4B60047A660 /* DebugCameraFrustum.swift in Sources */,
			);
			runOnlyForDeploymentPostprocessing = 0;
		};
/* End PBXSourcesBuildPhase section */

/* Begin XCBuildConfiguration section */
		4A833B782AD2B4A70047A660 /* Debug */ = {
			isa = XCBuildConfiguration;
			buildSettings = {
				ALWAYS_SEARCH_USER_PATHS = NO;
				ASSETCATALOG_COMPILER_GENERATE_SWIFT_ASSET_SYMBOL_EXTENSIONS = YES;
				CLANG_ANALYZER_NONNULL = YES;
				CLANG_ANALYZER_NUMBER_OBJECT_CONVERSION = YES_AGGRESSIVE;
				CLANG_CXX_LANGUAGE_STANDARD = "gnu++20";
				CLANG_ENABLE_MODULES = YES;
				CLANG_ENABLE_OBJC_ARC = YES;
				CLANG_ENABLE_OBJC_WEAK = YES;
				CLANG_WARN_BLOCK_CAPTURE_AUTORELEASING = YES;
				CLANG_WARN_BOOL_CONVERSION = YES;
				CLANG_WARN_COMMA = YES;
				CLANG_WARN_CONSTANT_CONVERSION = YES;
				CLANG_WARN_DEPRECATED_OBJC_IMPLEMENTATIONS = YES;
				CLANG_WARN_DIRECT_OBJC_ISA_USAGE = YES_ERROR;
				CLANG_WARN_DOCUMENTATION_COMMENTS = YES;
				CLANG_WARN_EMPTY_BODY = YES;
				CLANG_WARN_ENUM_CONVERSION = YES;
				CLANG_WARN_INFINITE_RECURSION = YES;
				CLANG_WARN_INT_CONVERSION = YES;
				CLANG_WARN_NON_LITERAL_NULL_CONVERSION = YES;
				CLANG_WARN_OBJC_IMPLICIT_RETAIN_SELF = YES;
				CLANG_WARN_OBJC_LITERAL_CONVERSION = YES;
				CLANG_WARN_OBJC_ROOT_CLASS = YES_ERROR;
				CLANG_WARN_QUOTED_INCLUDE_IN_FRAMEWORK_HEADER = YES;
				CLANG_WARN_RANGE_LOOP_ANALYSIS = YES;
				CLANG_WARN_STRICT_PROTOTYPES = YES;
				CLANG_WARN_SUSPICIOUS_MOVE = YES;
				CLANG_WARN_UNGUARDED_AVAILABILITY = YES_AGGRESSIVE;
				CLANG_WARN_UNREACHABLE_CODE = YES;
				CLANG_WARN__DUPLICATE_METHOD_MATCH = YES;
				COPY_PHASE_STRIP = NO;
				DEBUG_INFORMATION_FORMAT = dwarf;
				ENABLE_STRICT_OBJC_MSGSEND = YES;
				ENABLE_TESTABILITY = YES;
				ENABLE_USER_SCRIPT_SANDBOXING = YES;
				GCC_C_LANGUAGE_STANDARD = gnu17;
				GCC_DYNAMIC_NO_PIC = NO;
				GCC_NO_COMMON_BLOCKS = YES;
				GCC_OPTIMIZATION_LEVEL = 0;
				GCC_PREPROCESSOR_DEFINITIONS = (
					"DEBUG=1",
					"$(inherited)",
				);
				GCC_WARN_64_TO_32_BIT_CONVERSION = YES;
				GCC_WARN_ABOUT_RETURN_TYPE = YES_ERROR;
				GCC_WARN_UNDECLARED_SELECTOR = YES;
				GCC_WARN_UNINITIALIZED_AUTOS = YES_AGGRESSIVE;
				GCC_WARN_UNUSED_FUNCTION = YES;
				GCC_WARN_UNUSED_VARIABLE = YES;
				LOCALIZATION_PREFERS_STRING_CATALOGS = YES;
				MTL_ENABLE_DEBUG_INFO = INCLUDE_SOURCE;
				MTL_FAST_MATH = YES;
				ONLY_ACTIVE_ARCH = YES;
				SWIFT_ACTIVE_COMPILATION_CONDITIONS = "DEBUG $(inherited)";
				SWIFT_OBJC_BRIDGING_HEADER = TileBasedDefferedRendering/Shaders/Common.h;
				SWIFT_OPTIMIZATION_LEVEL = "-Onone";
			};
			name = Debug;
		};
		4A833B792AD2B4A70047A660 /* Release */ = {
			isa = XCBuildConfiguration;
			buildSettings = {
				ALWAYS_SEARCH_USER_PATHS = NO;
				ASSETCATALOG_COMPILER_GENERATE_SWIFT_ASSET_SYMBOL_EXTENSIONS = YES;
				CLANG_ANALYZER_NONNULL = YES;
				CLANG_ANALYZER_NUMBER_OBJECT_CONVERSION = YES_AGGRESSIVE;
				CLANG_CXX_LANGUAGE_STANDARD = "gnu++20";
				CLANG_ENABLE_MODULES = YES;
				CLANG_ENABLE_OBJC_ARC = YES;
				CLANG_ENABLE_OBJC_WEAK = YES;
				CLANG_WARN_BLOCK_CAPTURE_AUTORELEASING = YES;
				CLANG_WARN_BOOL_CONVERSION = YES;
				CLANG_WARN_COMMA = YES;
				CLANG_WARN_CONSTANT_CONVERSION = YES;
				CLANG_WARN_DEPRECATED_OBJC_IMPLEMENTATIONS = YES;
				CLANG_WARN_DIRECT_OBJC_ISA_USAGE = YES_ERROR;
				CLANG_WARN_DOCUMENTATION_COMMENTS = YES;
				CLANG_WARN_EMPTY_BODY = YES;
				CLANG_WARN_ENUM_CONVERSION = YES;
				CLANG_WARN_INFINITE_RECURSION = YES;
				CLANG_WARN_INT_CONVERSION = YES;
				CLANG_WARN_NON_LITERAL_NULL_CONVERSION = YES;
				CLANG_WARN_OBJC_IMPLICIT_RETAIN_SELF = YES;
				CLANG_WARN_OBJC_LITERAL_CONVERSION = YES;
				CLANG_WARN_OBJC_ROOT_CLASS = YES_ERROR;
				CLANG_WARN_QUOTED_INCLUDE_IN_FRAMEWORK_HEADER = YES;
				CLANG_WARN_RANGE_LOOP_ANALYSIS = YES;
				CLANG_WARN_STRICT_PROTOTYPES = YES;
				CLANG_WARN_SUSPICIOUS_MOVE = YES;
				CLANG_WARN_UNGUARDED_AVAILABILITY = YES_AGGRESSIVE;
				CLANG_WARN_UNREACHABLE_CODE = YES;
				CLANG_WARN__DUPLICATE_METHOD_MATCH = YES;
				COPY_PHASE_STRIP = NO;
				DEBUG_INFORMATION_FORMAT = "dwarf-with-dsym";
				ENABLE_NS_ASSERTIONS = NO;
				ENABLE_STRICT_OBJC_MSGSEND = YES;
				ENABLE_USER_SCRIPT_SANDBOXING = YES;
				GCC_C_LANGUAGE_STANDARD = gnu17;
				GCC_NO_COMMON_BLOCKS = YES;
				GCC_WARN_64_TO_32_BIT_CONVERSION = YES;
				GCC_WARN_ABOUT_RETURN_TYPE = YES_ERROR;
				GCC_WARN_UNDECLARED_SELECTOR = YES;
				GCC_WARN_UNINITIALIZED_AUTOS = YES_AGGRESSIVE;
				GCC_WARN_UNUSED_FUNCTION = YES;
				GCC_WARN_UNUSED_VARIABLE = YES;
				LOCALIZATION_PREFERS_STRING_CATALOGS = YES;
				MTL_ENABLE_DEBUG_INFO = NO;
				MTL_FAST_MATH = YES;
				SWIFT_COMPILATION_MODE = wholemodule;
				SWIFT_OBJC_BRIDGING_HEADER = TileBasedDefferedRendering/Shaders/Common.h;
			};
			name = Release;
		};
		4A833B7B2AD2B4A70047A660 /* Debug */ = {
			isa = XCBuildConfiguration;
			buildSettings = {
				ASSETCATALOG_COMPILER_APPICON_NAME = AppIcon;
				ASSETCATALOG_COMPILER_GLOBAL_ACCENT_COLOR_NAME = AccentColor;
				CODE_SIGN_ENTITLEMENTS = TileBasedDefferedRendering/TileBasedDefferedRendering.entitlements;
				CODE_SIGN_STYLE = Automatic;
				CURRENT_PROJECT_VERSION = 1;
				DEVELOPMENT_ASSET_PATHS = "\"TileBasedDefferedRendering/Preview Content\"";
				DEVELOPMENT_TEAM = TK8SRD6J57;
				ENABLE_HARDENED_RUNTIME = YES;
				ENABLE_PREVIEWS = YES;
				GENERATE_INFOPLIST_FILE = YES;
				"INFOPLIST_KEY_UIApplicationSceneManifest_Generation[sdk=iphoneos*]" = YES;
				"INFOPLIST_KEY_UIApplicationSceneManifest_Generation[sdk=iphonesimulator*]" = YES;
				"INFOPLIST_KEY_UIApplicationSupportsIndirectInputEvents[sdk=iphoneos*]" = YES;
				"INFOPLIST_KEY_UIApplicationSupportsIndirectInputEvents[sdk=iphonesimulator*]" = YES;
				"INFOPLIST_KEY_UILaunchScreen_Generation[sdk=iphoneos*]" = YES;
				"INFOPLIST_KEY_UILaunchScreen_Generation[sdk=iphonesimulator*]" = YES;
				"INFOPLIST_KEY_UIStatusBarStyle[sdk=iphoneos*]" = UIStatusBarStyleDefault;
				"INFOPLIST_KEY_UIStatusBarStyle[sdk=iphonesimulator*]" = UIStatusBarStyleDefault;
				INFOPLIST_KEY_UISupportedInterfaceOrientations_iPad = "UIInterfaceOrientationPortrait UIInterfaceOrientationPortraitUpsideDown UIInterfaceOrientationLandscapeLeft UIInterfaceOrientationLandscapeRight";
				INFOPLIST_KEY_UISupportedInterfaceOrientations_iPhone = "UIInterfaceOrientationPortrait UIInterfaceOrientationLandscapeLeft UIInterfaceOrientationLandscapeRight";
				IPHONEOS_DEPLOYMENT_TARGET = 17.0;
				LD_RUNPATH_SEARCH_PATHS = "@executable_path/Frameworks";
				"LD_RUNPATH_SEARCH_PATHS[sdk=macosx*]" = "@executable_path/../Frameworks";
				MACOSX_DEPLOYMENT_TARGET = 14.0;
				MARKETING_VERSION = 1.0;
				PRODUCT_BUNDLE_IDENTIFIER = nothing.TileBasedDefferedRendering;
				PRODUCT_NAME = "$(TARGET_NAME)";
				SDKROOT = auto;
				SUPPORTED_PLATFORMS = "iphoneos iphonesimulator macosx";
				SWIFT_EMIT_LOC_STRINGS = YES;
				SWIFT_VERSION = 5.0;
				TARGETED_DEVICE_FAMILY = "1,2";
			};
			name = Debug;
		};
		4A833B7C2AD2B4A70047A660 /* Release */ = {
			isa = XCBuildConfiguration;
			buildSettings = {
				ASSETCATALOG_COMPILER_APPICON_NAME = AppIcon;
				ASSETCATALOG_COMPILER_GLOBAL_ACCENT_COLOR_NAME = AccentColor;
				CODE_SIGN_ENTITLEMENTS = TileBasedDefferedRendering/TileBasedDefferedRendering.entitlements;
				CODE_SIGN_STYLE = Automatic;
				CURRENT_PROJECT_VERSION = 1;
				DEVELOPMENT_ASSET_PATHS = "\"TileBasedDefferedRendering/Preview Content\"";
				DEVELOPMENT_TEAM = TK8SRD6J57;
				ENABLE_HARDENED_RUNTIME = YES;
				ENABLE_PREVIEWS = YES;
				GENERATE_INFOPLIST_FILE = YES;
				"INFOPLIST_KEY_UIApplicationSceneManifest_Generation[sdk=iphoneos*]" = YES;
				"INFOPLIST_KEY_UIApplicationSceneManifest_Generation[sdk=iphonesimulator*]" = YES;
				"INFOPLIST_KEY_UIApplicationSupportsIndirectInputEvents[sdk=iphoneos*]" = YES;
				"INFOPLIST_KEY_UIApplicationSupportsIndirectInputEvents[sdk=iphonesimulator*]" = YES;
				"INFOPLIST_KEY_UILaunchScreen_Generation[sdk=iphoneos*]" = YES;
				"INFOPLIST_KEY_UILaunchScreen_Generation[sdk=iphonesimulator*]" = YES;
				"INFOPLIST_KEY_UIStatusBarStyle[sdk=iphoneos*]" = UIStatusBarStyleDefault;
				"INFOPLIST_KEY_UIStatusBarStyle[sdk=iphonesimulator*]" = UIStatusBarStyleDefault;
				INFOPLIST_KEY_UISupportedInterfaceOrientations_iPad = "UIInterfaceOrientationPortrait UIInterfaceOrientationPortraitUpsideDown UIInterfaceOrientationLandscapeLeft UIInterfaceOrientationLandscapeRight";
				INFOPLIST_KEY_UISupportedInterfaceOrientations_iPhone = "UIInterfaceOrientationPortrait UIInterfaceOrientationLandscapeLeft UIInterfaceOrientationLandscapeRight";
				IPHONEOS_DEPLOYMENT_TARGET = 17.0;
				LD_RUNPATH_SEARCH_PATHS = "@executable_path/Frameworks";
				"LD_RUNPATH_SEARCH_PATHS[sdk=macosx*]" = "@executable_path/../Frameworks";
				MACOSX_DEPLOYMENT_TARGET = 14.0;
				MARKETING_VERSION = 1.0;
				PRODUCT_BUNDLE_IDENTIFIER = nothing.TileBasedDefferedRendering;
				PRODUCT_NAME = "$(TARGET_NAME)";
				SDKROOT = auto;
				SUPPORTED_PLATFORMS = "iphoneos iphonesimulator macosx";
				SWIFT_EMIT_LOC_STRINGS = YES;
				SWIFT_VERSION = 5.0;
				TARGETED_DEVICE_FAMILY = "1,2";
			};
			name = Release;
		};
/* End XCBuildConfiguration section */

/* Begin XCConfigurationList section */
		4A833B662AD2B4A60047A660 /* Build configuration list for PBXProject "TileBasedDefferedRendering" */ = {
			isa = XCConfigurationList;
			buildConfigurations = (
				4A833B782AD2B4A70047A660 /* Debug */,
				4A833B792AD2B4A70047A660 /* Release */,
			);
			defaultConfigurationIsVisible = 0;
			defaultConfigurationName = Release;
		};
		4A833B7A2AD2B4A70047A660 /* Build configuration list for PBXNativeTarget "TileBasedDefferedRendering" */ = {
			isa = XCConfigurationList;
			buildConfigurations = (
				4A833B7B2AD2B4A70047A660 /* Debug */,
				4A833B7C2AD2B4A70047A660 /* Release */,
			);
			defaultConfigurationIsVisible = 0;
			defaultConfigurationName = Release;
		};
/* End XCConfigurationList section */
	};
	rootObject = 4A833B632AD2B4A60047A660 /* Project object */;
}
